
Microsoft Visual Studio Solution File, Format Version 12.00
# Visual Studio Version 17
VisualStudioVersion = 17.10.35122.118
MinimumVisualStudioVersion = 10.0.40219.1
Project("{FAE04EC0-301F-11D3-BF4B-00C04F79EFBC}") = "dz_ServerFarmManagement", "dz_ServerFarmManagement.csproj", "{95229490-4F45-4BB4-A016-C4D06049E67E}"
EndProject
Global
	GlobalSection(SolutionConfigurationPlatforms) = preSolution
		Debug|Any CPU = Debug|Any CPU
		Release|Any CPU = Release|Any CPU
	EndGlobalSection
	GlobalSection(ProjectConfigurationPlatforms) = postSolution
		{95229490-4F45-4BB4-A016-C4D06049E67E}.Debug|Any CPU.ActiveCfg = Debug|Any CPU
		{95229490-4F45-4BB4-A016-C4D06049E67E}.Debug|Any CPU.Build.0 = Debug|Any CPU
		{95229490-4F45-4BB4-A016-C4D06049E67E}.Release|Any CPU.ActiveCfg = Release|Any CPU
		{95229490-4F45-4BB4-A016-C4D06049E67E}.Release|Any CPU.Build.0 = Release|Any CPU
	EndGlobalSection
	GlobalSection(SolutionProperties) = preSolution
		HideSolutionNode = FALSE
	EndGlobalSection
	GlobalSection(ExtensibilityGlobals) = postSolution
		SolutionGuid = {8A6C6EB7-F048-441C-BB7E-90A99D6C3606}
	EndGlobalSection
EndGlobal
